// !$*UTF8*$!
{
	archiveVersion = 1;
	classes = {
	};
	objectVersion = 46;
	objects = {

/* Begin PBXBuildFile section */
		CB0EDA2B1C884A9600B2A871 /* main.swift in Sources */ = {isa = PBXBuildFile; fileRef = CB0EDA2A1C884A9600B2A871 /* main.swift */; };
/* End PBXBuildFile section */

/* Begin PBXCopyFilesBuildPhase section */
		CB0EDA251C884A9600B2A871 /* CopyFiles */ = {
			isa = PBXCopyFilesBuildPhase;
			buildActionMask = 2147483647;
			dstPath = /usr/share/man/man1/;
			dstSubfolderSpec = 0;
			files = (
			);
			runOnlyForDeploymentPostprocessing = 1;
		};
/* End PBXCopyFilesBuildPhase section */

/* Begin PBXFileReference section */
		CB0EDA271C884A9600B2A871 /* EnumTest */ = {isa = PBXFileReference; explicitFileType = "compiled.mach-o.executable"; includeInIndex = 0; path = EnumTest; sourceTree = BUILT_PRODUCTS_DIR; };
		CB0EDA2A1C884A9600B2A871 /* main.swift */ = {isa = PBXFileReference; lastKnownFileType = sourcecode.swift; path = main.swift; sourceTree = "<group>"; };
		CB0EDA321C884B9700B2A871 /* EnumTest-Bridging-Header.h */ = {isa = PBXFileReference; lastKnownFileType = sourcecode.c.h; path = "EnumTest-Bridging-Header.h"; sourceTree = "<group>"; };
		CB0EDA3C1C88503500B2A871 /* EnumTest_UnitTest.xctest */ = {isa = PBXFileReference; explicitFileType = wrapper.cfbundle; includeInIndex = 0; path = EnumTest_UnitTest.xctest; sourceTree = BUILT_PRODUCTS_DIR; };
/* End PBXFileReference section */

/* Begin PBXFrameworksBuildPhase section */
		CB0EDA241C884A9600B2A871 /* Frameworks */ = {
			isa = PBXFrameworksBuildPhase;
			buildActionMask = 2147483647;
			files = (
			);
			runOnlyForDeploymentPostprocessing = 0;
		};
		CB0EDA391C88503500B2A871 /* Frameworks */ = {
			isa = PBXFrameworksBuildPhase;
			buildActionMask = 2147483647;
			files = (
			);
			runOnlyForDeploymentPostprocessing = 0;
		};
/* End PBXFrameworksBuildPhase section */

/* Begin PBXGroup section */
		CB0EDA1E1C884A9600B2A871 = {
			isa = PBXGroup;
			children = (
				CB0EDA291C884A9600B2A871 /* EnumTest */,
				CB0EDA281C884A9600B2A871 /* Products */,
			);
			sourceTree = "<group>";
		};
		CB0EDA281C884A9600B2A871 /* Products */ = {
			isa = PBXGroup;
			children = (
				CB0EDA271C884A9600B2A871 /* EnumTest */,
				CB0EDA3C1C88503500B2A871 /* EnumTest_UnitTest.xctest */,
			);
			name = Products;
			sourceTree = "<group>";
		};
		CB0EDA291C884A9600B2A871 /* EnumTest */ = {
			isa = PBXGroup;
			children = (
				CB0EDA2A1C884A9600B2A871 /* main.swift */,
				CB0EDA321C884B9700B2A871 /* EnumTest-Bridging-Header.h */,
			);
			path = EnumTest;
			sourceTree = "<group>";
		};
/* End PBXGroup section */

/* Begin PBXNativeTarget section */
		CB0EDA261C884A9600B2A871 /* EnumTest */ = {
			isa = PBXNativeTarget;
			buildConfigurationList = CB0EDA2E1C884A9600B2A871 /* Build configuration list for PBXNativeTarget "EnumTest" */;
			buildPhases = (
				CB0EDA231C884A9600B2A871 /* Sources */,
				CB0EDA241C884A9600B2A871 /* Frameworks */,
				CB0EDA251C884A9600B2A871 /* CopyFiles */,
			);
			buildRules = (
			);
			dependencies = (
			);
			name = EnumTest;
			productName = EnumTest;
			productReference = CB0EDA271C884A9600B2A871 /* EnumTest */;
			productType = "com.apple.product-type.tool";
		};
		CB0EDA3B1C88503500B2A871 /* EnumTest_UnitTest */ = {
			isa = PBXNativeTarget;
			buildConfigurationList = CB0EDA411C88503500B2A871 /* Build configuration list for PBXNativeTarget "EnumTest_UnitTest" */;
			buildPhases = (
				CB0EDA381C88503500B2A871 /* Sources */,
				CB0EDA391C88503500B2A871 /* Frameworks */,
				CB0EDA3A1C88503500B2A871 /* Resources */,
			);
			buildRules = (
			);
			dependencies = (
			);
			name = EnumTest_UnitTest;
			productName = EnumTest_UnitTest;
			productReference = CB0EDA3C1C88503500B2A871 /* EnumTest_UnitTest.xctest */;
			productType = "com.apple.product-type.bundle.unit-test";
		};
/* End PBXNativeTarget section */

/* Begin PBXProject section */
		CB0EDA1F1C884A9600B2A871 /* Project object */ = {
			isa = PBXProject;
			attributes = {
				LastSwiftUpdateCheck = 0720;
				LastUpgradeCheck = 0720;
				ORGANIZATIONNAME = "Alexander von Below";
				TargetAttributes = {
					CB0EDA261C884A9600B2A871 = {
						CreatedOnToolsVersion = 7.2;
					};
					CB0EDA3B1C88503500B2A871 = {
						CreatedOnToolsVersion = 7.2;
					};
				};
			};
			buildConfigurationList = CB0EDA221C884A9600B2A871 /* Build configuration list for PBXProject "EnumTest" */;
			compatibilityVersion = "Xcode 3.2";
			developmentRegion = English;
			hasScannedForEncodings = 0;
			knownRegions = (
				en,
			);
			mainGroup = CB0EDA1E1C884A9600B2A871;
			productRefGroup = CB0EDA281C884A9600B2A871 /* Products */;
			projectDirPath = "";
			projectRoot = "";
			targets = (
				CB0EDA261C884A9600B2A871 /* EnumTest */,
				CB0EDA3B1C88503500B2A871 /* EnumTest_UnitTest */,
			);
		};
/* End PBXProject section */

/* Begin PBXResourcesBuildPhase section */
		CB0EDA3A1C88503500B2A871 /* Resources */ = {
			isa = PBXResourcesBuildPhase;
			buildActionMask = 2147483647;
			files = (
			);
			runOnlyForDeploymentPostprocessing = 0;
		};
/* End PBXResourcesBuildPhase section */

/* Begin PBXSourcesBuildPhase section */
		CB0EDA231C884A9600B2A871 /* Sources */ = {
			isa = PBXSourcesBuildPhase;
			buildActionMask = 2147483647;
			files = (
				CB0EDA2B1C884A9600B2A871 /* main.swift in Sources */,
			);
			runOnlyForDeploymentPostprocessing = 0;
		};
		CB0EDA381C88503500B2A871 /* Sources */ = {
			isa = PBXSourcesBuildPhase;
			buildActionMask = 2147483647;
			files = (
			);
			runOnlyForDeploymentPostprocessing = 0;
		};
/* End PBXSourcesBuildPhase section */

/* Begin XCBuildConfiguration section */
		CB0EDA2C1C884A9600B2A871 /* Debug */ = {
			isa = XCBuildConfiguration;
			buildSettings = {
				ALWAYS_SEARCH_USER_PATHS = NO;
				CLANG_CXX_LANGUAGE_STANDARD = "gnu++0x";
				CLANG_CXX_LIBRARY = "libc++";
				CLANG_ENABLE_MODULES = YES;
				CLANG_ENABLE_OBJC_ARC = YES;
				CLANG_WARN_BOOL_CONVERSION = YES;
				CLANG_WARN_CONSTANT_CONVERSION = YES;
				CLANG_WARN_DIRECT_OBJC_ISA_USAGE = YES_ERROR;
				CLANG_WARN_EMPTY_BODY = YES;
				CLANG_WARN_ENUM_CONVERSION = YES;
				CLANG_WARN_INT_CONVERSION = YES;
				CLANG_WARN_OBJC_ROOT_CLASS = YES_ERROR;
				CLANG_WARN_UNREACHABLE_CODE = YES;
				CLANG_WARN__DUPLICATE_METHOD_MATCH = YES;
				CODE_SIGN_IDENTITY = "-";
				COPY_PHASE_STRIP = NO;
				DEBUG_INFORMATION_FORMAT = dwarf;
				ENABLE_STRICT_OBJC_MSGSEND = YES;
				ENABLE_TESTABILITY = YES;
				GCC_C_LANGUAGE_STANDARD = gnu99;
				GCC_DYNAMIC_NO_PIC = NO;
				GCC_NO_COMMON_BLOCKS = YES;
				GCC_OPTIMIZATION_LEVEL = 0;
				GCC_PREPROCESSOR_DEFINITIONS = (
					"DEBUG=1",
					"$(inherited)",
				);
				GCC_WARN_64_TO_32_BIT_CONVERSION = YES;
				GCC_WARN_ABOUT_RETURN_TYPE = YES_ERROR;
				GCC_WARN_UNDECLARED_SELECTOR = YES;
				GCC_WARN_UNINITIALIZED_AUTOS = YES_AGGRESSIVE;
				GCC_WARN_UNUSED_FUNCTION = YES;
				GCC_WARN_UNUSED_VARIABLE = YES;
				MACOSX_DEPLOYMENT_TARGET = 10.10;
				MTL_ENABLE_DEBUG_INFO = YES;
				ONLY_ACTIVE_ARCH = YES;
				SDKROOT = macosx;
				SWIFT_OPTIMIZATION_LEVEL = "-Onone";
			};
			name = Debug;
		};
		CB0EDA2D1C884A9600B2A871 /* Release */ = {
			isa = XCBuildConfiguration;
			buildSettings = {
				ALWAYS_SEARCH_USER_PATHS = NO;
				CLANG_CXX_LANGUAGE_STANDARD = "gnu++0x";
				CLANG_CXX_LIBRARY = "libc++";
				CLANG_ENABLE_MODULES = YES;
				CLANG_ENABLE_OBJC_ARC = YES;
				CLANG_WARN_BOOL_CONVERSION = YES;
				CLANG_WARN_CONSTANT_CONVERSION = YES;
				CLANG_WARN_DIRECT_OBJC_ISA_USAGE = YES_ERROR;
				CLANG_WARN_EMPTY_BODY = YES;
				CLANG_WARN_ENUM_CONVERSION = YES;
				CLANG_WARN_INT_CONVERSION = YES;
				CLANG_WARN_OBJC_ROOT_CLASS = YES_ERROR;
				CLANG_WARN_UNREACHABLE_CODE = YES;
				CLANG_WARN__DUPLICATE_METHOD_MATCH = YES;
				CODE_SIGN_IDENTITY = "-";
				COPY_PHASE_STRIP = NO;
				DEBUG_INFORMATION_FORMAT = "dwarf-with-dsym";
				ENABLE_NS_ASSERTIONS = NO;
				ENABLE_STRICT_OBJC_MSGSEND = YES;
				GCC_C_LANGUAGE_STANDARD = gnu99;
				GCC_NO_COMMON_BLOCKS = YES;
				GCC_WARN_64_TO_32_BIT_CONVERSION = YES;
				GCC_WARN_ABOUT_RETURN_TYPE = YES_ERROR;
				GCC_WARN_UNDECLARED_SELECTOR = YES;
				GCC_WARN_UNINITIALIZED_AUTOS = YES_AGGRESSIVE;
				GCC_WARN_UNUSED_FUNCTION = YES;
				GCC_WARN_UNUSED_VARIABLE = YES;
				MACOSX_DEPLOYMENT_TARGET = 10.10;
				MTL_ENABLE_DEBUG_INFO = NO;
				SDKROOT = macosx;
			};
			name = Release;
		};
		CB0EDA2F1C884A9600B2A871 /* Debug */ = {
			isa = XCBuildConfiguration;
			buildSettings = {
				CLANG_ENABLE_MODULES = YES;
				LD_RUNPATH_SEARCH_PATHS = "$(inherited) @executable_path/../Frameworks @loader_path/../Frameworks";
				PRODUCT_NAME = "$(TARGET_NAME)";
				SWIFT_OBJC_BRIDGING_HEADER = "EnumTest/EnumTest-Bridging-Header.h";
				SWIFT_OPTIMIZATION_LEVEL = "-Onone";
			};
			name = Debug;
		};
		CB0EDA301C884A9600B2A871 /* Release */ = {
			isa = XCBuildConfiguration;
			buildSettings = {
				CLANG_ENABLE_MODULES = YES;
				LD_RUNPATH_SEARCH_PATHS = "$(inherited) @executable_path/../Frameworks @loader_path/../Frameworks";
				PRODUCT_NAME = "$(TARGET_NAME)";
				SWIFT_OBJC_BRIDGING_HEADER = "EnumTest/EnumTest-Bridging-Header.h";
			};
			name = Release;
		};
		CB0EDA421C88503500B2A871 /* Debug */ = {
			isa = XCBuildConfiguration;
			buildSettings = {
				COMBINE_HIDPI_IMAGES = YES;
				INFOPLIST_FILE = EnumTest_UnitTest/Info.plist;
				LD_RUNPATH_SEARCH_PATHS = "$(inherited) @executable_path/../Frameworks @loader_path/../Frameworks";
				PRODUCT_BUNDLE_IDENTIFIER = "com.vonbelow.EnumTest-UnitTest";
				PRODUCT_NAME = "$(TARGET_NAME)";
			};
			name = Debug;
		};
		CB0EDA431C88503500B2A871 /* Release */ = {
			isa = XCBuildConfiguration;
			buildSettings = {
				COMBINE_HIDPI_IMAGES = YES;
				INFOPLIST_FILE = EnumTest_UnitTest/Info.plist;
				LD_RUNPATH_SEARCH_PATHS = "$(inherited) @executable_path/../Frameworks @loader_path/../Frameworks";
				PRODUCT_BUNDLE_IDENTIFIER = "com.vonbelow.EnumTest-UnitTest";
				PRODUCT_NAME = "$(TARGET_NAME)";
			};
			name = Release;
		};
/* End XCBuildConfiguration section */

/* Begin XCConfigurationList section */
		CB0EDA221C884A9600B2A871 /* Build configuration list for PBXProject "EnumTest" */ = {
			isa = XCConfigurationList;
			buildConfigurations = (
				CB0EDA2C1C884A9600B2A871 /* Debug */,
				CB0EDA2D1C884A9600B2A871 /* Release */,
			);
			defaultConfigurationIsVisible = 0;
			defaultConfigurationName = Release;
		};
		CB0EDA2E1C884A9600B2A871 /* Build configuration list for PBXNativeTarget "EnumTest" */ = {
			isa = XCConfigurationList;
			buildConfigurations = (
				CB0EDA2F1C884A9600B2A871 /* Debug */,
				CB0EDA301C884A9600B2A871 /* Release */,
			);
			defaultConfigurationIsVisible = 0;
		};
		CB0EDA411C88503500B2A871 /* Build configuration list for PBXNativeTarget "EnumTest_UnitTest" */ = {
			isa = XCConfigurationList;
			buildConfigurations = (
				CB0EDA421C88503500B2A871 /* Debug */,
				CB0EDA431C88503500B2A871 /* Release */,
			);
			defaultConfigurationIsVisible = 0;
		};
/* End XCConfigurationList section */
	};
	rootObject = CB0EDA1F1C884A9600B2A871 /* Project object */;
}
